
Microsoft Visual Studio Solution File, Format Version 12.00
# Visual Studio Version 17
VisualStudioVersion = 17.1.32328.378
MinimumVisualStudioVersion = 10.0.40219.1
Project("{9A19103F-16F7-4668-BE54-9A1E7A4F7556}") = "ChessGameWithFogOfWar", "ChessGameWithFogOfWar\ChessGameWithFogOfWar.csproj", "{7C7C8B2D-5B43-4ACC-B8B6-AAC05DFF9E11}"
EndProject
Project("{9A19103F-16F7-4668-BE54-9A1E7A4F7556}") = "ChessCore", "..\ChessCore\Chess\ChessCore.csproj", "{C5434640-3A46-4B52-B6A6-4F37594212BA}"
EndProject
Global
	GlobalSection(SolutionConfigurationPlatforms) = preSolution
		Debug|Any CPU = Debug|Any CPU
		Release|Any CPU = Release|Any CPU
	EndGlobalSection
	GlobalSection(ProjectConfigurationPlatforms) = postSolution
		{7C7C8B2D-5B43-4ACC-B8B6-AAC05DFF9E11}.Debug|Any CPU.ActiveCfg = Debug|Any CPU
		{7C7C8B2D-5B43-4ACC-B8B6-AAC05DFF9E11}.Debug|Any CPU.Build.0 = Debug|Any CPU
		{7C7C8B2D-5B43-4ACC-B8B6-AAC05DFF9E11}.Release|Any CPU.ActiveCfg = Release|Any CPU
		{7C7C8B2D-5B43-4ACC-B8B6-AAC05DFF9E11}.Release|Any CPU.Build.0 = Release|Any CPU
		{C5434640-3A46-4B52-B6A6-4F37594212BA}.Debug|Any CPU.ActiveCfg = Debug|Any CPU
		{C5434640-3A46-4B52-B6A6-4F37594212BA}.Debug|Any CPU.Build.0 = Debug|Any CPU
		{C5434640-3A46-4B52-B6A6-4F37594212BA}.Release|Any CPU.ActiveCfg = Release|Any CPU
		{C5434640-3A46-4B52-B6A6-4F37594212BA}.Release|Any CPU.Build.0 = Release|Any CPU
	EndGlobalSection
	GlobalSection(SolutionProperties) = preSolution
		HideSolutionNode = FALSE
	EndGlobalSection
	GlobalSection(ExtensibilityGlobals) = postSolution
		SolutionGuid = {BFB86B88-01ED-4924-99EB-D492DF049672}
	EndGlobalSection
EndGlobal
